
Microsoft Visual Studio Solution File, Format Version 12.00
# Visual Studio Version 17
VisualStudioVersion = 17.1.32210.238
MinimumVisualStudioVersion = 10.0.40219.1
Project("{FAE04EC0-301F-11D3-BF4B-00C04F79EFBC}") = "exibicao", "exibicao.csproj", "{56E1A523-868A-4C9A-AFCD-CAD5F49E85CE}"
EndProject
Global
	GlobalSection(SolutionConfigurationPlatforms) = preSolution
		Debug|Any CPU = Debug|Any CPU
		Release|Any CPU = Release|Any CPU
	EndGlobalSection
	GlobalSection(ProjectConfigurationPlatforms) = postSolution
		{56E1A523-868A-4C9A-AFCD-CAD5F49E85CE}.Debug|Any CPU.ActiveCfg = Debug|Any CPU
		{56E1A523-868A-4C9A-AFCD-CAD5F49E85CE}.Debug|Any CPU.Build.0 = Debug|Any CPU
		{56E1A523-868A-4C9A-AFCD-CAD5F49E85CE}.Release|Any CPU.ActiveCfg = Release|Any CPU
		{56E1A523-868A-4C9A-AFCD-CAD5F49E85CE}.Release|Any CPU.Build.0 = Release|Any CPU
	EndGlobalSection
	GlobalSection(SolutionProperties) = preSolution
		HideSolutionNode = FALSE
	EndGlobalSection
	GlobalSection(ExtensibilityGlobals) = postSolution
		SolutionGuid = {45AC3659-2F9E-4317-9AC8-C5EECA5BE7B1}
	EndGlobalSection
EndGlobal
